dependencies:
- name: activiti-cloud-query
  repository: https://activiti.github.io/activiti-cloud-charts/
  version: 0.1.0
- name: activiti-cloud-audit
  repository: https://activiti.github.io/activiti-cloud-charts/
  version: 0.1.0
- name: rabbitmq-ha
  repository: https://kubernetes-charts.storage.googleapis.com
  version: 1.6.2
- name: activiti-cloud-demo-ui
  repository: https://activiti.github.io/activiti-cloud-charts/
  version: 0.1.1
digest: sha256:0d4224ccd15aee9e7fb183aae9c215b693a83b5fef9890c39bc4b9eb58bfcec7
generated: 2018-07-04T15:43:18.817523337+01:00
