dependencies:
- name: activiti-cloud-query
  repository: https://activiti.github.io/activiti-cloud-charts/
  version: 0.1.3
- name: activiti-cloud-audit
  repository: https://activiti.github.io/activiti-cloud-charts/
  version: 0.1.3
- name: rabbitmq-ha
  repository: https://kubernetes-charts.storage.googleapis.com
  version: 1.6.2
- name: activiti-cloud-demo-ui
  repository: https://activiti.github.io/activiti-cloud-charts/
  version: 0.1.3
- name: runtime-bundle
  repository: https://activiti.github.io/activiti-cloud-charts/
  version: 0.1.3
digest: sha256:53048c842f7ca8d0a712ade3c5d8d0274bec68e09eaa95ce9a3a570df937f98b
generated: 2018-07-06T09:58:50.672077142+01:00
