dependencies:
- name: infrastructure
  repository: https://activiti.github.io/activiti-cloud-charts/
  version: 0.2.0
- name: application
  repository: https://activiti.github.io/activiti-cloud-charts/
  version: 0.2.0
digest: sha256:f68457c59b0c028c8b2c8a9178f064a35df06238d6d6e30eb473eff5d3910cc8
generated: 2018-08-10T18:23:37.979793029+01:00
