dependencies:
- name: infrastructure
  repository: https://activiti.github.io/activiti-cloud-charts/
  version: 0.1.7
- name: application
  repository: https://activiti.github.io/activiti-cloud-charts/
  version: 0.1.16
digest: sha256:c5067656c6a43ba2904b856d5d3104e91ea09c496db5d5ec2ff696c81915d48f
generated: 2018-08-06T12:19:19.901707735+01:00
