dependencies:
- name: activiti-keycloak
  repository: https://activiti.github.io/activiti-cloud-charts/
  version: 0.1.2
- name: activiti-cloud-gateway
  repository: https://activiti.github.io/activiti-cloud-charts/
  version: 0.1.2
digest: sha256:74ec9ddb49acd676a96bbb63a7ffd0653dfe24691eea64bc07687efba86d1023
generated: 2018-07-05T18:39:40.592666691+01:00
